
Microsoft Visual Studio Solution File, Format Version 12.00
# Visual Studio 15
VisualStudioVersion = 15.0.27703.2000
MinimumVisualStudioVersion = 10.0.40219.1
Project("{FAE04EC0-301F-11D3-BF4B-00C04F79EFBC}") = "Simple-ToDo", "Simple-ToDo\Simple-ToDo.csproj", "{92AAA975-C3F1-4BC7-A1F9-260CAC984E92}"
EndProject
Global
	GlobalSection(SolutionConfigurationPlatforms) = preSolution
		Debug|Any CPU = Debug|Any CPU
		Release|Any CPU = Release|Any CPU
	EndGlobalSection
	GlobalSection(ProjectConfigurationPlatforms) = postSolution
		{92AAA975-C3F1-4BC7-A1F9-260CAC984E92}.Debug|Any CPU.ActiveCfg = Debug|Any CPU
		{92AAA975-C3F1-4BC7-A1F9-260CAC984E92}.Debug|Any CPU.Build.0 = Debug|Any CPU
		{92AAA975-C3F1-4BC7-A1F9-260CAC984E92}.Release|Any CPU.ActiveCfg = Release|Any CPU
		{92AAA975-C3F1-4BC7-A1F9-260CAC984E92}.Release|Any CPU.Build.0 = Release|Any CPU
	EndGlobalSection
	GlobalSection(SolutionProperties) = preSolution
		HideSolutionNode = FALSE
	EndGlobalSection
	GlobalSection(ExtensibilityGlobals) = postSolution
		SolutionGuid = {2C596C61-974A-49F6-BEC6-A5C45DB3A5D9}
	EndGlobalSection
EndGlobal
